
Microsoft Visual Studio Solution File, Format Version 12.00
# Visual Studio Version 16
VisualStudioVersion = 16.0.30114.105
MinimumVisualStudioVersion = 10.0.40219.1
Project("{FAE04EC0-301F-11D3-BF4B-00C04F79EFBC}") = "AdventOfCode2020", "AdventOfCode2020.csproj", "{B930E4C9-ED4E-49E3-A4E8-990886C7C1D0}"
EndProject
Global
	GlobalSection(SolutionConfigurationPlatforms) = preSolution
		Debug|Any CPU = Debug|Any CPU
		Release|Any CPU = Release|Any CPU
	EndGlobalSection
	GlobalSection(ProjectConfigurationPlatforms) = postSolution
		{B930E4C9-ED4E-49E3-A4E8-990886C7C1D0}.Debug|Any CPU.ActiveCfg = Debug|Any CPU
		{B930E4C9-ED4E-49E3-A4E8-990886C7C1D0}.Debug|Any CPU.Build.0 = Debug|Any CPU
		{B930E4C9-ED4E-49E3-A4E8-990886C7C1D0}.Release|Any CPU.ActiveCfg = Release|Any CPU
		{B930E4C9-ED4E-49E3-A4E8-990886C7C1D0}.Release|Any CPU.Build.0 = Release|Any CPU
	EndGlobalSection
	GlobalSection(SolutionProperties) = preSolution
		HideSolutionNode = FALSE
	EndGlobalSection
	GlobalSection(ExtensibilityGlobals) = postSolution
		SolutionGuid = {D6981AE0-6F11-4F79-AE8E-BCBA2CA8387F}
	EndGlobalSection
EndGlobal
